{
  "name": "docsify",
  "lockfileVersion": 2,
  "requires": true,
  "packages": {
    "": {
      "dependencies": {
        "docsify-copy-code": "^2.1.1"
      }
    },
    "node_modules/docsify-copy-code": {
      "version": "2.1.1",
      "resolved": "https://registry.npmjs.org/docsify-copy-code/-/docsify-copy-code-2.1.1.tgz",
      "integrity": "sha512-3+foIMuohrvYTA8dyDwr4wylKSZHXBq4tvoAP24BvzqSM9Rbh0gvXQunVoFZ7If4FOYmUXOBveg3EbJSBUMaow=="
    }
  },
  "dependencies": {
    "docsify-copy-code": {
      "version": "2.1.1",
      "resolved": "https://registry.npmjs.org/docsify-copy-code/-/docsify-copy-code-2.1.1.tgz",
      "integrity": "sha512-3+foIMuohrvYTA8dyDwr4wylKSZHXBq4tvoAP24BvzqSM9Rbh0gvXQunVoFZ7If4FOYmUXOBveg3EbJSBUMaow=="
    }
  }
}
